
Microsoft Visual Studio Solution File, Format Version 12.00
# Visual Studio Version 16
VisualStudioVersion = 16.0.31624.102
MinimumVisualStudioVersion = 10.0.40219.1
Project("{FAE04EC0-301F-11D3-BF4B-00C04F79EFBC}") = "BL", "BL\BL.csproj", "{FB2217AB-EE9B-4996-A8F1-321320CBC791}"
EndProject
Project("{FAE04EC0-301F-11D3-BF4B-00C04F79EFBC}") = "DL", "DL\DL.csproj", "{9A22D9A9-E851-4765-8842-93FD4CB77300}"
EndProject
Project("{FAE04EC0-301F-11D3-BF4B-00C04F79EFBC}") = "Entity", "Entity\Entity.csproj", "{9DD6C82A-1899-478F-BC18-524AD0B0DCC8}"
EndProject
Project("{FAE04EC0-301F-11D3-BF4B-00C04F79EFBC}") = "CKM_Controls", "CKM_Controls\CKM_Controls\CKM_Controls.csproj", "{472A8D76-1CE3-430E-89FE-373D2F6B1031}"
EndProject
Project("{FAE04EC0-301F-11D3-BF4B-00C04F79EFBC}") = "Base.Client", "Base.Client\Base.Client.csproj", "{79AF5F26-A50B-433C-9F87-C9173B9EFE04}"
EndProject
Project("{FAE04EC0-301F-11D3-BF4B-00C04F79EFBC}") = "SampleTemplate", "SampleTemplate\SampleTemplate.csproj", "{B20F36AC-D22C-4226-A9BD-930FF9BBFED2}"
EndProject
Project("{FAE04EC0-301F-11D3-BF4B-00C04F79EFBC}") = "MasterTouroku_Hanyou", "MasterTouroku_Hanyou\MasterTouroku_Hanyou.csproj", "{BEC67502-3BB5-402E-8D95-5261C6AD66C4}"
EndProject
Project("{2150E333-8FDC-42A3-9474-1A3956D46DE8}") = "Solution Items", "Solution Items", "{E133FDF5-466E-4596-ADB5-D4A65DF05EDF}"
EndProject
Project("{FAE04EC0-301F-11D3-BF4B-00C04F79EFBC}") = "Database", "Database\Database.csproj", "{1FFD5FB1-042D-41AB-A663-7229E5508BF9}"
EndProject
Project("{FAE04EC0-301F-11D3-BF4B-00C04F79EFBC}") = "GridBase", "clsGridBase\GridBase.csproj", "{86979B8D-B1ED-4342-A1D3-986C244E796A}"
EndProject
Project("{FAE04EC0-301F-11D3-BF4B-00C04F79EFBC}") = "EPSON_TM30", "EPSON_TM30\EPSON_TM30.csproj", "{9DEA7F04-51D2-4678-9C2C-74745D9B61BD}"
EndProject
Project("{FAE04EC0-301F-11D3-BF4B-00C04F79EFBC}") = "Display_Service", "Display_Service\Display_Service.csproj", "{C76D0DA6-BA77-4BEC-8CF8-DDEE8DD84DFD}"
EndProject
Project("{FAE04EC0-301F-11D3-BF4B-00C04F79EFBC}") = "MenuHosting", "MenuHosting\MenuHosting.csproj", "{DC9F3F93-A704-4ED3-B8C1-3C2F1B6165AD}"
EndProject
Project("{FAE04EC0-301F-11D3-BF4B-00C04F79EFBC}") = "M_Setting", "M_Setting\M_Setting.csproj", "{571F2D5C-2C07-47AC-8EBD-709335B317DF}"
EndProject
Project("{FAE04EC0-301F-11D3-BF4B-00C04F79EFBC}") = "Prerequest", "Prerequest\Prerequest.csproj", "{AD4207DD-806F-4AC7-8936-5220BDEACC64}"
EndProject
Project("{FAE04EC0-301F-11D3-BF4B-00C04F79EFBC}") = "KojimaMenu", "KojimaMenu\KojimaMenu.csproj", "{52F1F9E1-EC8C-4FB5-BCCE-CEB774621EC0}"
EndProject
Project("{FAE04EC0-301F-11D3-BF4B-00C04F79EFBC}") = "ExhibitInformation", "ExhibitInformation\ExhibitInformation.csproj", "{2E73EEE1-7718-41BD-9C22-9B60883AFD86}"
EndProject
Project("{FAE04EC0-301F-11D3-BF4B-00C04F79EFBC}") = "MasterTouroku_Henkan", "MasterTouroku_Henkan\MasterTouroku_Henkan.csproj", "{F2D27AA1-4E56-4647-A4FD-5360512302BE}"
EndProject
Project("{FAE04EC0-301F-11D3-BF4B-00C04F79EFBC}") = "Search", "Search\Search.csproj", "{83D6364B-73EA-4288-BCE7-55A1119EE5A2}"
EndProject
Project("{FAE04EC0-301F-11D3-BF4B-00C04F79EFBC}") = "ExhibitHistory", "ExhibitHistory\ExhibitHistory.csproj", "{93531BEE-E94B-4715-BDA6-CBBFFA0B97C0}"
EndProject
Global
	GlobalSection(SolutionConfigurationPlatforms) = preSolution
		Debug|Any CPU = Debug|Any CPU
		Debug|x64 = Debug|x64
		Debug|x86 = Debug|x86
		Release|Any CPU = Release|Any CPU
		Release|x64 = Release|x64
		Release|x86 = Release|x86
	EndGlobalSection
	GlobalSection(ProjectConfigurationPlatforms) = postSolution
		{FB2217AB-EE9B-4996-A8F1-321320CBC791}.Debug|Any CPU.ActiveCfg = Debug|Any CPU
		{FB2217AB-EE9B-4996-A8F1-321320CBC791}.Debug|Any CPU.Build.0 = Debug|Any CPU
		{FB2217AB-EE9B-4996-A8F1-321320CBC791}.Debug|x64.ActiveCfg = Debug|Any CPU
		{FB2217AB-EE9B-4996-A8F1-321320CBC791}.Debug|x64.Build.0 = Debug|Any CPU
		{FB2217AB-EE9B-4996-A8F1-321320CBC791}.Debug|x86.ActiveCfg = Debug|Any CPU
		{FB2217AB-EE9B-4996-A8F1-321320CBC791}.Debug|x86.Build.0 = Debug|Any CPU
		{FB2217AB-EE9B-4996-A8F1-321320CBC791}.Release|Any CPU.ActiveCfg = Release|Any CPU
		{FB2217AB-EE9B-4996-A8F1-321320CBC791}.Release|Any CPU.Build.0 = Release|Any CPU
		{FB2217AB-EE9B-4996-A8F1-321320CBC791}.Release|x64.ActiveCfg = Release|Any CPU
		{FB2217AB-EE9B-4996-A8F1-321320CBC791}.Release|x64.Build.0 = Release|Any CPU
		{FB2217AB-EE9B-4996-A8F1-321320CBC791}.Release|x86.ActiveCfg = Release|Any CPU
		{FB2217AB-EE9B-4996-A8F1-321320CBC791}.Release|x86.Build.0 = Release|Any CPU
		{9A22D9A9-E851-4765-8842-93FD4CB77300}.Debug|Any CPU.ActiveCfg = Debug|Any CPU
		{9A22D9A9-E851-4765-8842-93FD4CB77300}.Debug|Any CPU.Build.0 = Debug|Any CPU
		{9A22D9A9-E851-4765-8842-93FD4CB77300}.Debug|x64.ActiveCfg = Debug|Any CPU
		{9A22D9A9-E851-4765-8842-93FD4CB77300}.Debug|x64.Build.0 = Debug|Any CPU
		{9A22D9A9-E851-4765-8842-93FD4CB77300}.Debug|x86.ActiveCfg = Debug|Any CPU
		{9A22D9A9-E851-4765-8842-93FD4CB77300}.Debug|x86.Build.0 = Debug|Any CPU
		{9A22D9A9-E851-4765-8842-93FD4CB77300}.Release|Any CPU.ActiveCfg = Release|Any CPU
		{9A22D9A9-E851-4765-8842-93FD4CB77300}.Release|Any CPU.Build.0 = Release|Any CPU
		{9A22D9A9-E851-4765-8842-93FD4CB77300}.Release|x64.ActiveCfg = Release|Any CPU
		{9A22D9A9-E851-4765-8842-93FD4CB77300}.Release|x64.Build.0 = Release|Any CPU
		{9A22D9A9-E851-4765-8842-93FD4CB77300}.Release|x86.ActiveCfg = Release|Any CPU
		{9A22D9A9-E851-4765-8842-93FD4CB77300}.Release|x86.Build.0 = Release|Any CPU
		{9DD6C82A-1899-478F-BC18-524AD0B0DCC8}.Debug|Any CPU.ActiveCfg = Debug|Any CPU
		{9DD6C82A-1899-478F-BC18-524AD0B0DCC8}.Debug|Any CPU.Build.0 = Debug|Any CPU
		{9DD6C82A-1899-478F-BC18-524AD0B0DCC8}.Debug|x64.ActiveCfg = Debug|Any CPU
		{9DD6C82A-1899-478F-BC18-524AD0B0DCC8}.Debug|x64.Build.0 = Debug|Any CPU
		{9DD6C82A-1899-478F-BC18-524AD0B0DCC8}.Debug|x86.ActiveCfg = Debug|Any CPU
		{9DD6C82A-1899-478F-BC18-524AD0B0DCC8}.Debug|x86.Build.0 = Debug|Any CPU
		{9DD6C82A-1899-478F-BC18-524AD0B0DCC8}.Release|Any CPU.ActiveCfg = Release|Any CPU
		{9DD6C82A-1899-478F-BC18-524AD0B0DCC8}.Release|Any CPU.Build.0 = Release|Any CPU
		{9DD6C82A-1899-478F-BC18-524AD0B0DCC8}.Release|x64.ActiveCfg = Release|Any CPU
		{9DD6C82A-1899-478F-BC18-524AD0B0DCC8}.Release|x64.Build.0 = Release|Any CPU
		{9DD6C82A-1899-478F-BC18-524AD0B0DCC8}.Release|x86.ActiveCfg = Release|Any CPU
		{9DD6C82A-1899-478F-BC18-524AD0B0DCC8}.Release|x86.Build.0 = Release|Any CPU
		{472A8D76-1CE3-430E-89FE-373D2F6B1031}.Debug|Any CPU.ActiveCfg = Debug|Any CPU
		{472A8D76-1CE3-430E-89FE-373D2F6B1031}.Debug|Any CPU.Build.0 = Debug|Any CPU
		{472A8D76-1CE3-430E-89FE-373D2F6B1031}.Debug|x64.ActiveCfg = Debug|Any CPU
		{472A8D76-1CE3-430E-89FE-373D2F6B1031}.Debug|x64.Build.0 = Debug|Any CPU
		{472A8D76-1CE3-430E-89FE-373D2F6B1031}.Debug|x86.ActiveCfg = Debug|Any CPU
		{472A8D76-1CE3-430E-89FE-373D2F6B1031}.Debug|x86.Build.0 = Debug|Any CPU
		{472A8D76-1CE3-430E-89FE-373D2F6B1031}.Release|Any CPU.ActiveCfg = Release|Any CPU
		{472A8D76-1CE3-430E-89FE-373D2F6B1031}.Release|Any CPU.Build.0 = Release|Any CPU
		{472A8D76-1CE3-430E-89FE-373D2F6B1031}.Release|x64.ActiveCfg = Release|Any CPU
		{472A8D76-1CE3-430E-89FE-373D2F6B1031}.Release|x64.Build.0 = Release|Any CPU
		{472A8D76-1CE3-430E-89FE-373D2F6B1031}.Release|x86.ActiveCfg = Release|Any CPU
		{472A8D76-1CE3-430E-89FE-373D2F6B1031}.Release|x86.Build.0 = Release|Any CPU
		{79AF5F26-A50B-433C-9F87-C9173B9EFE04}.Debug|Any CPU.ActiveCfg = Debug|Any CPU
		{79AF5F26-A50B-433C-9F87-C9173B9EFE04}.Debug|Any CPU.Build.0 = Debug|Any CPU
		{79AF5F26-A50B-433C-9F87-C9173B9EFE04}.Debug|x64.ActiveCfg = Debug|Any CPU
		{79AF5F26-A50B-433C-9F87-C9173B9EFE04}.Debug|x64.Build.0 = Debug|Any CPU
		{79AF5F26-A50B-433C-9F87-C9173B9EFE04}.Debug|x86.ActiveCfg = Debug|Any CPU
		{79AF5F26-A50B-433C-9F87-C9173B9EFE04}.Debug|x86.Build.0 = Debug|Any CPU
		{79AF5F26-A50B-433C-9F87-C9173B9EFE04}.Release|Any CPU.ActiveCfg = Release|Any CPU
		{79AF5F26-A50B-433C-9F87-C9173B9EFE04}.Release|Any CPU.Build.0 = Release|Any CPU
		{79AF5F26-A50B-433C-9F87-C9173B9EFE04}.Release|x64.ActiveCfg = Release|Any CPU
		{79AF5F26-A50B-433C-9F87-C9173B9EFE04}.Release|x64.Build.0 = Release|Any CPU
		{79AF5F26-A50B-433C-9F87-C9173B9EFE04}.Release|x86.ActiveCfg = Release|Any CPU
		{79AF5F26-A50B-433C-9F87-C9173B9EFE04}.Release|x86.Build.0 = Release|Any CPU
		{B20F36AC-D22C-4226-A9BD-930FF9BBFED2}.Debug|Any CPU.ActiveCfg = Debug|Any CPU
		{B20F36AC-D22C-4226-A9BD-930FF9BBFED2}.Debug|Any CPU.Build.0 = Debug|Any CPU
		{B20F36AC-D22C-4226-A9BD-930FF9BBFED2}.Debug|x64.ActiveCfg = Debug|Any CPU
		{B20F36AC-D22C-4226-A9BD-930FF9BBFED2}.Debug|x64.Build.0 = Debug|Any CPU
		{B20F36AC-D22C-4226-A9BD-930FF9BBFED2}.Debug|x86.ActiveCfg = Debug|Any CPU
		{B20F36AC-D22C-4226-A9BD-930FF9BBFED2}.Debug|x86.Build.0 = Debug|Any CPU
		{B20F36AC-D22C-4226-A9BD-930FF9BBFED2}.Release|Any CPU.ActiveCfg = Release|Any CPU
		{B20F36AC-D22C-4226-A9BD-930FF9BBFED2}.Release|Any CPU.Build.0 = Release|Any CPU
		{B20F36AC-D22C-4226-A9BD-930FF9BBFED2}.Release|x64.ActiveCfg = Release|Any CPU
		{B20F36AC-D22C-4226-A9BD-930FF9BBFED2}.Release|x64.Build.0 = Release|Any CPU
		{B20F36AC-D22C-4226-A9BD-930FF9BBFED2}.Release|x86.ActiveCfg = Release|Any CPU
		{B20F36AC-D22C-4226-A9BD-930FF9BBFED2}.Release|x86.Build.0 = Release|Any CPU
		{BEC67502-3BB5-402E-8D95-5261C6AD66C4}.Debug|Any CPU.ActiveCfg = Debug|Any CPU
		{BEC67502-3BB5-402E-8D95-5261C6AD66C4}.Debug|Any CPU.Build.0 = Debug|Any CPU
		{BEC67502-3BB5-402E-8D95-5261C6AD66C4}.Debug|x64.ActiveCfg = Debug|Any CPU
		{BEC67502-3BB5-402E-8D95-5261C6AD66C4}.Debug|x64.Build.0 = Debug|Any CPU
		{BEC67502-3BB5-402E-8D95-5261C6AD66C4}.Debug|x86.ActiveCfg = Debug|Any CPU
		{BEC67502-3BB5-402E-8D95-5261C6AD66C4}.Debug|x86.Build.0 = Debug|Any CPU
		{BEC67502-3BB5-402E-8D95-5261C6AD66C4}.Release|Any CPU.ActiveCfg = Release|Any CPU
		{BEC67502-3BB5-402E-8D95-5261C6AD66C4}.Release|Any CPU.Build.0 = Release|Any CPU
		{BEC67502-3BB5-402E-8D95-5261C6AD66C4}.Release|x64.ActiveCfg = Release|Any CPU
		{BEC67502-3BB5-402E-8D95-5261C6AD66C4}.Release|x64.Build.0 = Release|Any CPU
		{BEC67502-3BB5-402E-8D95-5261C6AD66C4}.Release|x86.ActiveCfg = Release|Any CPU
		{BEC67502-3BB5-402E-8D95-5261C6AD66C4}.Release|x86.Build.0 = Release|Any CPU
		{1FFD5FB1-042D-41AB-A663-7229E5508BF9}.Debug|Any CPU.ActiveCfg = Debug|Any CPU
		{1FFD5FB1-042D-41AB-A663-7229E5508BF9}.Debug|Any CPU.Build.0 = Debug|Any CPU
		{1FFD5FB1-042D-41AB-A663-7229E5508BF9}.Debug|x64.ActiveCfg = Debug|Any CPU
		{1FFD5FB1-042D-41AB-A663-7229E5508BF9}.Debug|x64.Build.0 = Debug|Any CPU
		{1FFD5FB1-042D-41AB-A663-7229E5508BF9}.Debug|x86.ActiveCfg = Debug|Any CPU
		{1FFD5FB1-042D-41AB-A663-7229E5508BF9}.Debug|x86.Build.0 = Debug|Any CPU
		{1FFD5FB1-042D-41AB-A663-7229E5508BF9}.Release|Any CPU.ActiveCfg = Release|Any CPU
		{1FFD5FB1-042D-41AB-A663-7229E5508BF9}.Release|Any CPU.Build.0 = Release|Any CPU
		{1FFD5FB1-042D-41AB-A663-7229E5508BF9}.Release|x64.ActiveCfg = Release|Any CPU
		{1FFD5FB1-042D-41AB-A663-7229E5508BF9}.Release|x64.Build.0 = Release|Any CPU
		{1FFD5FB1-042D-41AB-A663-7229E5508BF9}.Release|x86.ActiveCfg = Release|Any CPU
		{1FFD5FB1-042D-41AB-A663-7229E5508BF9}.Release|x86.Build.0 = Release|Any CPU
		{86979B8D-B1ED-4342-A1D3-986C244E796A}.Debug|Any CPU.ActiveCfg = Debug|Any CPU
		{86979B8D-B1ED-4342-A1D3-986C244E796A}.Debug|Any CPU.Build.0 = Debug|Any CPU
		{86979B8D-B1ED-4342-A1D3-986C244E796A}.Debug|x64.ActiveCfg = Debug|Any CPU
		{86979B8D-B1ED-4342-A1D3-986C244E796A}.Debug|x64.Build.0 = Debug|Any CPU
		{86979B8D-B1ED-4342-A1D3-986C244E796A}.Debug|x86.ActiveCfg = Debug|Any CPU
		{86979B8D-B1ED-4342-A1D3-986C244E796A}.Debug|x86.Build.0 = Debug|Any CPU
		{86979B8D-B1ED-4342-A1D3-986C244E796A}.Release|Any CPU.ActiveCfg = Release|Any CPU
		{86979B8D-B1ED-4342-A1D3-986C244E796A}.Release|Any CPU.Build.0 = Release|Any CPU
		{86979B8D-B1ED-4342-A1D3-986C244E796A}.Release|x64.ActiveCfg = Release|Any CPU
		{86979B8D-B1ED-4342-A1D3-986C244E796A}.Release|x64.Build.0 = Release|Any CPU
		{86979B8D-B1ED-4342-A1D3-986C244E796A}.Release|x86.ActiveCfg = Release|Any CPU
		{86979B8D-B1ED-4342-A1D3-986C244E796A}.Release|x86.Build.0 = Release|Any CPU
		{9DEA7F04-51D2-4678-9C2C-74745D9B61BD}.Debug|Any CPU.ActiveCfg = Debug|Any CPU
		{9DEA7F04-51D2-4678-9C2C-74745D9B61BD}.Debug|Any CPU.Build.0 = Debug|Any CPU
		{9DEA7F04-51D2-4678-9C2C-74745D9B61BD}.Debug|x64.ActiveCfg = Debug|Any CPU
		{9DEA7F04-51D2-4678-9C2C-74745D9B61BD}.Debug|x64.Build.0 = Debug|Any CPU
		{9DEA7F04-51D2-4678-9C2C-74745D9B61BD}.Debug|x86.ActiveCfg = Debug|Any CPU
		{9DEA7F04-51D2-4678-9C2C-74745D9B61BD}.Debug|x86.Build.0 = Debug|Any CPU
		{9DEA7F04-51D2-4678-9C2C-74745D9B61BD}.Release|Any CPU.ActiveCfg = Release|Any CPU
		{9DEA7F04-51D2-4678-9C2C-74745D9B61BD}.Release|Any CPU.Build.0 = Release|Any CPU
		{9DEA7F04-51D2-4678-9C2C-74745D9B61BD}.Release|x64.ActiveCfg = Release|Any CPU
		{9DEA7F04-51D2-4678-9C2C-74745D9B61BD}.Release|x64.Build.0 = Release|Any CPU
		{9DEA7F04-51D2-4678-9C2C-74745D9B61BD}.Release|x86.ActiveCfg = Release|Any CPU
		{9DEA7F04-51D2-4678-9C2C-74745D9B61BD}.Release|x86.Build.0 = Release|Any CPU
		{C76D0DA6-BA77-4BEC-8CF8-DDEE8DD84DFD}.Debug|Any CPU.ActiveCfg = Debug|Any CPU
		{C76D0DA6-BA77-4BEC-8CF8-DDEE8DD84DFD}.Debug|Any CPU.Build.0 = Debug|Any CPU
		{C76D0DA6-BA77-4BEC-8CF8-DDEE8DD84DFD}.Debug|x64.ActiveCfg = Debug|Any CPU
		{C76D0DA6-BA77-4BEC-8CF8-DDEE8DD84DFD}.Debug|x64.Build.0 = Debug|Any CPU
		{C76D0DA6-BA77-4BEC-8CF8-DDEE8DD84DFD}.Debug|x86.ActiveCfg = Debug|Any CPU
		{C76D0DA6-BA77-4BEC-8CF8-DDEE8DD84DFD}.Debug|x86.Build.0 = Debug|Any CPU
		{C76D0DA6-BA77-4BEC-8CF8-DDEE8DD84DFD}.Release|Any CPU.ActiveCfg = Release|Any CPU
		{C76D0DA6-BA77-4BEC-8CF8-DDEE8DD84DFD}.Release|Any CPU.Build.0 = Release|Any CPU
		{C76D0DA6-BA77-4BEC-8CF8-DDEE8DD84DFD}.Release|x64.ActiveCfg = Release|Any CPU
		{C76D0DA6-BA77-4BEC-8CF8-DDEE8DD84DFD}.Release|x64.Build.0 = Release|Any CPU
		{C76D0DA6-BA77-4BEC-8CF8-DDEE8DD84DFD}.Release|x86.ActiveCfg = Release|Any CPU
		{C76D0DA6-BA77-4BEC-8CF8-DDEE8DD84DFD}.Release|x86.Build.0 = Release|Any CPU
		{DC9F3F93-A704-4ED3-B8C1-3C2F1B6165AD}.Debug|Any CPU.ActiveCfg = Debug|Any CPU
		{DC9F3F93-A704-4ED3-B8C1-3C2F1B6165AD}.Debug|Any CPU.Build.0 = Debug|Any CPU
		{DC9F3F93-A704-4ED3-B8C1-3C2F1B6165AD}.Debug|x64.ActiveCfg = Debug|Any CPU
		{DC9F3F93-A704-4ED3-B8C1-3C2F1B6165AD}.Debug|x64.Build.0 = Debug|Any CPU
		{DC9F3F93-A704-4ED3-B8C1-3C2F1B6165AD}.Debug|x86.ActiveCfg = Debug|Any CPU
		{DC9F3F93-A704-4ED3-B8C1-3C2F1B6165AD}.Debug|x86.Build.0 = Debug|Any CPU
		{DC9F3F93-A704-4ED3-B8C1-3C2F1B6165AD}.Release|Any CPU.ActiveCfg = Release|Any CPU
		{DC9F3F93-A704-4ED3-B8C1-3C2F1B6165AD}.Release|Any CPU.Build.0 = Release|Any CPU
		{DC9F3F93-A704-4ED3-B8C1-3C2F1B6165AD}.Release|x64.ActiveCfg = Release|Any CPU
		{DC9F3F93-A704-4ED3-B8C1-3C2F1B6165AD}.Release|x64.Build.0 = Release|Any CPU
		{DC9F3F93-A704-4ED3-B8C1-3C2F1B6165AD}.Release|x86.ActiveCfg = Release|Any CPU
		{DC9F3F93-A704-4ED3-B8C1-3C2F1B6165AD}.Release|x86.Build.0 = Release|Any CPU
		{571F2D5C-2C07-47AC-8EBD-709335B317DF}.Debug|Any CPU.ActiveCfg = Debug|Any CPU
		{571F2D5C-2C07-47AC-8EBD-709335B317DF}.Debug|Any CPU.Build.0 = Debug|Any CPU
		{571F2D5C-2C07-47AC-8EBD-709335B317DF}.Debug|x64.ActiveCfg = Debug|Any CPU
		{571F2D5C-2C07-47AC-8EBD-709335B317DF}.Debug|x64.Build.0 = Debug|Any CPU
		{571F2D5C-2C07-47AC-8EBD-709335B317DF}.Debug|x86.ActiveCfg = Debug|Any CPU
		{571F2D5C-2C07-47AC-8EBD-709335B317DF}.Debug|x86.Build.0 = Debug|Any CPU
		{571F2D5C-2C07-47AC-8EBD-709335B317DF}.Release|Any CPU.ActiveCfg = Release|Any CPU
		{571F2D5C-2C07-47AC-8EBD-709335B317DF}.Release|Any CPU.Build.0 = Release|Any CPU
		{571F2D5C-2C07-47AC-8EBD-709335B317DF}.Release|x64.ActiveCfg = Release|Any CPU
		{571F2D5C-2C07-47AC-8EBD-709335B317DF}.Release|x64.Build.0 = Release|Any CPU
		{571F2D5C-2C07-47AC-8EBD-709335B317DF}.Release|x86.ActiveCfg = Release|Any CPU
		{571F2D5C-2C07-47AC-8EBD-709335B317DF}.Release|x86.Build.0 = Release|Any CPU
		{AD4207DD-806F-4AC7-8936-5220BDEACC64}.Debug|Any CPU.ActiveCfg = Debug|Any CPU
		{AD4207DD-806F-4AC7-8936-5220BDEACC64}.Debug|Any CPU.Build.0 = Debug|Any CPU
		{AD4207DD-806F-4AC7-8936-5220BDEACC64}.Debug|x64.ActiveCfg = Debug|Any CPU
		{AD4207DD-806F-4AC7-8936-5220BDEACC64}.Debug|x64.Build.0 = Debug|Any CPU
		{AD4207DD-806F-4AC7-8936-5220BDEACC64}.Debug|x86.ActiveCfg = Debug|Any CPU
		{AD4207DD-806F-4AC7-8936-5220BDEACC64}.Debug|x86.Build.0 = Debug|Any CPU
		{AD4207DD-806F-4AC7-8936-5220BDEACC64}.Release|Any CPU.ActiveCfg = Release|Any CPU
		{AD4207DD-806F-4AC7-8936-5220BDEACC64}.Release|Any CPU.Build.0 = Release|Any CPU
		{AD4207DD-806F-4AC7-8936-5220BDEACC64}.Release|x64.ActiveCfg = Release|Any CPU
		{AD4207DD-806F-4AC7-8936-5220BDEACC64}.Release|x64.Build.0 = Release|Any CPU
		{AD4207DD-806F-4AC7-8936-5220BDEACC64}.Release|x86.ActiveCfg = Release|Any CPU
		{AD4207DD-806F-4AC7-8936-5220BDEACC64}.Release|x86.Build.0 = Release|Any CPU
		{52F1F9E1-EC8C-4FB5-BCCE-CEB774621EC0}.Debug|Any CPU.ActiveCfg = Debug|Any CPU
		{52F1F9E1-EC8C-4FB5-BCCE-CEB774621EC0}.Debug|Any CPU.Build.0 = Debug|Any CPU
		{52F1F9E1-EC8C-4FB5-BCCE-CEB774621EC0}.Debug|x64.ActiveCfg = Debug|Any CPU
		{52F1F9E1-EC8C-4FB5-BCCE-CEB774621EC0}.Debug|x64.Build.0 = Debug|Any CPU
		{52F1F9E1-EC8C-4FB5-BCCE-CEB774621EC0}.Debug|x86.ActiveCfg = Debug|Any CPU
		{52F1F9E1-EC8C-4FB5-BCCE-CEB774621EC0}.Debug|x86.Build.0 = Debug|Any CPU
		{52F1F9E1-EC8C-4FB5-BCCE-CEB774621EC0}.Release|Any CPU.ActiveCfg = Release|Any CPU
		{52F1F9E1-EC8C-4FB5-BCCE-CEB774621EC0}.Release|Any CPU.Build.0 = Release|Any CPU
		{52F1F9E1-EC8C-4FB5-BCCE-CEB774621EC0}.Release|x64.ActiveCfg = Release|Any CPU
		{52F1F9E1-EC8C-4FB5-BCCE-CEB774621EC0}.Release|x64.Build.0 = Release|Any CPU
		{52F1F9E1-EC8C-4FB5-BCCE-CEB774621EC0}.Release|x86.ActiveCfg = Release|Any CPU
		{52F1F9E1-EC8C-4FB5-BCCE-CEB774621EC0}.Release|x86.Build.0 = Release|Any CPU
		{2E73EEE1-7718-41BD-9C22-9B60883AFD86}.Debug|Any CPU.ActiveCfg = Debug|Any CPU
		{2E73EEE1-7718-41BD-9C22-9B60883AFD86}.Debug|Any CPU.Build.0 = Debug|Any CPU
		{2E73EEE1-7718-41BD-9C22-9B60883AFD86}.Debug|x64.ActiveCfg = Debug|Any CPU
		{2E73EEE1-7718-41BD-9C22-9B60883AFD86}.Debug|x64.Build.0 = Debug|Any CPU
		{2E73EEE1-7718-41BD-9C22-9B60883AFD86}.Debug|x86.ActiveCfg = Debug|Any CPU
		{2E73EEE1-7718-41BD-9C22-9B60883AFD86}.Debug|x86.Build.0 = Debug|Any CPU
		{2E73EEE1-7718-41BD-9C22-9B60883AFD86}.Release|Any CPU.ActiveCfg = Release|Any CPU
		{2E73EEE1-7718-41BD-9C22-9B60883AFD86}.Release|Any CPU.Build.0 = Release|Any CPU
		{2E73EEE1-7718-41BD-9C22-9B60883AFD86}.Release|x64.ActiveCfg = Release|Any CPU
		{2E73EEE1-7718-41BD-9C22-9B60883AFD86}.Release|x64.Build.0 = Release|Any CPU
		{2E73EEE1-7718-41BD-9C22-9B60883AFD86}.Release|x86.ActiveCfg = Release|Any CPU
		{2E73EEE1-7718-41BD-9C22-9B60883AFD86}.Release|x86.Build.0 = Release|Any CPU
		{F2D27AA1-4E56-4647-A4FD-5360512302BE}.Debug|Any CPU.ActiveCfg = Debug|Any CPU
		{F2D27AA1-4E56-4647-A4FD-5360512302BE}.Debug|Any CPU.Build.0 = Debug|Any CPU
		{F2D27AA1-4E56-4647-A4FD-5360512302BE}.Debug|x64.ActiveCfg = Debug|Any CPU
		{F2D27AA1-4E56-4647-A4FD-5360512302BE}.Debug|x64.Build.0 = Debug|Any CPU
		{F2D27AA1-4E56-4647-A4FD-5360512302BE}.Debug|x86.ActiveCfg = Debug|Any CPU
		{F2D27AA1-4E56-4647-A4FD-5360512302BE}.Debug|x86.Build.0 = Debug|Any CPU
		{F2D27AA1-4E56-4647-A4FD-5360512302BE}.Release|Any CPU.ActiveCfg = Release|Any CPU
		{F2D27AA1-4E56-4647-A4FD-5360512302BE}.Release|Any CPU.Build.0 = Release|Any CPU
		{F2D27AA1-4E56-4647-A4FD-5360512302BE}.Release|x64.ActiveCfg = Release|Any CPU
		{F2D27AA1-4E56-4647-A4FD-5360512302BE}.Release|x64.Build.0 = Release|Any CPU
		{F2D27AA1-4E56-4647-A4FD-5360512302BE}.Release|x86.ActiveCfg = Release|Any CPU
		{F2D27AA1-4E56-4647-A4FD-5360512302BE}.Release|x86.Build.0 = Release|Any CPU
		{83D6364B-73EA-4288-BCE7-55A1119EE5A2}.Debug|Any CPU.ActiveCfg = Debug|Any CPU
		{83D6364B-73EA-4288-BCE7-55A1119EE5A2}.Debug|Any CPU.Build.0 = Debug|Any CPU
		{83D6364B-73EA-4288-BCE7-55A1119EE5A2}.Debug|x64.ActiveCfg = Debug|Any CPU
		{83D6364B-73EA-4288-BCE7-55A1119EE5A2}.Debug|x64.Build.0 = Debug|Any CPU
		{83D6364B-73EA-4288-BCE7-55A1119EE5A2}.Debug|x86.ActiveCfg = Debug|Any CPU
		{83D6364B-73EA-4288-BCE7-55A1119EE5A2}.Debug|x86.Build.0 = Debug|Any CPU
		{83D6364B-73EA-4288-BCE7-55A1119EE5A2}.Release|Any CPU.ActiveCfg = Release|Any CPU
		{83D6364B-73EA-4288-BCE7-55A1119EE5A2}.Release|Any CPU.Build.0 = Release|Any CPU
		{83D6364B-73EA-4288-BCE7-55A1119EE5A2}.Release|x64.ActiveCfg = Release|Any CPU
		{83D6364B-73EA-4288-BCE7-55A1119EE5A2}.Release|x64.Build.0 = Release|Any CPU
		{83D6364B-73EA-4288-BCE7-55A1119EE5A2}.Release|x86.ActiveCfg = Release|Any CPU
		{83D6364B-73EA-4288-BCE7-55A1119EE5A2}.Release|x86.Build.0 = Release|Any CPU
		{93531BEE-E94B-4715-BDA6-CBBFFA0B97C0}.Debug|Any CPU.ActiveCfg = Debug|Any CPU
		{93531BEE-E94B-4715-BDA6-CBBFFA0B97C0}.Debug|Any CPU.Build.0 = Debug|Any CPU
		{93531BEE-E94B-4715-BDA6-CBBFFA0B97C0}.Debug|x64.ActiveCfg = Debug|Any CPU
		{93531BEE-E94B-4715-BDA6-CBBFFA0B97C0}.Debug|x64.Build.0 = Debug|Any CPU
		{93531BEE-E94B-4715-BDA6-CBBFFA0B97C0}.Debug|x86.ActiveCfg = Debug|Any CPU
		{93531BEE-E94B-4715-BDA6-CBBFFA0B97C0}.Debug|x86.Build.0 = Debug|Any CPU
		{93531BEE-E94B-4715-BDA6-CBBFFA0B97C0}.Release|Any CPU.ActiveCfg = Release|Any CPU
		{93531BEE-E94B-4715-BDA6-CBBFFA0B97C0}.Release|Any CPU.Build.0 = Release|Any CPU
		{93531BEE-E94B-4715-BDA6-CBBFFA0B97C0}.Release|x64.ActiveCfg = Release|Any CPU
		{93531BEE-E94B-4715-BDA6-CBBFFA0B97C0}.Release|x64.Build.0 = Release|Any CPU
		{93531BEE-E94B-4715-BDA6-CBBFFA0B97C0}.Release|x86.ActiveCfg = Release|Any CPU
		{93531BEE-E94B-4715-BDA6-CBBFFA0B97C0}.Release|x86.Build.0 = Release|Any CPU
	EndGlobalSection
	GlobalSection(SolutionProperties) = preSolution
		HideSolutionNode = FALSE
	EndGlobalSection
	GlobalSection(ExtensibilityGlobals) = postSolution
		SolutionGuid = {782DFAC0-3B3B-4DA8-B287-5D81BF56D448}
	EndGlobalSection
EndGlobal
